// !$*UTF8*$!
{
	archiveVersion = 1;
	classes = {
	};
	objectVersion = 56;
	objects = {

/* Begin PBXBuildFile section */
		F683270829DC0994008505EF /* HomeView.swift in Sources */ = {isa = PBXBuildFile; fileRef = F683270729DC0993008505EF /* HomeView.swift */; };
		F683270C29DC11C9008505EF /* CircleButtonView.swift in Sources */ = {isa = PBXBuildFile; fileRef = F683270B29DC11C9008505EF /* CircleButtonView.swift */; };
		F683270E29DC33C4008505EF /* CircleButtonAnimationView.swift in Sources */ = {isa = PBXBuildFile; fileRef = F683270D29DC33C4008505EF /* CircleButtonAnimationView.swift */; };
		F6DB56F729DB5C4B001BA20D /* CryptoApp.swift in Sources */ = {isa = PBXBuildFile; fileRef = F6DB56F629DB5C4B001BA20D /* CryptoApp.swift */; };
		F6DB56F929DB5C4B001BA20D /* ContentView.swift in Sources */ = {isa = PBXBuildFile; fileRef = F6DB56F829DB5C4B001BA20D /* ContentView.swift */; };
		F6DB56FB29DB5C54001BA20D /* Assets.xcassets in Resources */ = {isa = PBXBuildFile; fileRef = F6DB56FA29DB5C54001BA20D /* Assets.xcassets */; };
		F6DB56FE29DB5C54001BA20D /* Preview Assets.xcassets in Resources */ = {isa = PBXBuildFile; fileRef = F6DB56FD29DB5C54001BA20D /* Preview Assets.xcassets */; };
		F6DB570629DB6BA8001BA20D /* Color.swift in Sources */ = {isa = PBXBuildFile; fileRef = F6DB570529DB6BA8001BA20D /* Color.swift */; };
		F6E5C54D29DD547F00B9B76F /* CoinModel.swift in Sources */ = {isa = PBXBuildFile; fileRef = F6E5C54C29DD547F00B9B76F /* CoinModel.swift */; };
/* End PBXBuildFile section */

/* Begin PBXFileReference section */
		F683270729DC0993008505EF /* HomeView.swift */ = {isa = PBXFileReference; lastKnownFileType = sourcecode.swift; path = HomeView.swift; sourceTree = "<group>"; };
		F683270B29DC11C9008505EF /* CircleButtonView.swift */ = {isa = PBXFileReference; lastKnownFileType = sourcecode.swift; path = CircleButtonView.swift; sourceTree = "<group>"; };
		F683270D29DC33C4008505EF /* CircleButtonAnimationView.swift */ = {isa = PBXFileReference; lastKnownFileType = sourcecode.swift; path = CircleButtonAnimationView.swift; sourceTree = "<group>"; };
		F6DB56F329DB5C4B001BA20D /* Crypto.app */ = {isa = PBXFileReference; explicitFileType = wrapper.application; includeInIndex = 0; path = Crypto.app; sourceTree = BUILT_PRODUCTS_DIR; };
		F6DB56F629DB5C4B001BA20D /* CryptoApp.swift */ = {isa = PBXFileReference; lastKnownFileType = sourcecode.swift; path = CryptoApp.swift; sourceTree = "<group>"; };
		F6DB56F829DB5C4B001BA20D /* ContentView.swift */ = {isa = PBXFileReference; lastKnownFileType = sourcecode.swift; path = ContentView.swift; sourceTree = "<group>"; };
		F6DB56FA29DB5C54001BA20D /* Assets.xcassets */ = {isa = PBXFileReference; lastKnownFileType = folder.assetcatalog; path = Assets.xcassets; sourceTree = "<group>"; };
		F6DB56FD29DB5C54001BA20D /* Preview Assets.xcassets */ = {isa = PBXFileReference; lastKnownFileType = folder.assetcatalog; path = "Preview Assets.xcassets"; sourceTree = "<group>"; };
		F6DB570529DB6BA8001BA20D /* Color.swift */ = {isa = PBXFileReference; lastKnownFileType = sourcecode.swift; path = Color.swift; sourceTree = "<group>"; };
		F6E5C54C29DD547F00B9B76F /* CoinModel.swift */ = {isa = PBXFileReference; lastKnownFileType = sourcecode.swift; path = CoinModel.swift; sourceTree = "<group>"; };
/* End PBXFileReference section */

/* Begin PBXFrameworksBuildPhase section */
		F6DB56F029DB5C4B001BA20D /* Frameworks */ = {
			isa = PBXFrameworksBuildPhase;
			buildActionMask = 2147483647;
			files = (
			);
			runOnlyForDeploymentPostprocessing = 0;
		};
/* End PBXFrameworksBuildPhase section */

/* Begin PBXGroup section */
		F683270329DC0804008505EF /* Core */ = {
			isa = PBXGroup;
			children = (
				F683270929DC1196008505EF /* Components */,
				F683270429DC08AB008505EF /* Home */,
			);
			path = Core;
			sourceTree = "<group>";
		};
		F683270429DC08AB008505EF /* Home */ = {
			isa = PBXGroup;
			children = (
				F683270629DC090C008505EF /* ViewModels */,
				F683270529DC08FC008505EF /* Views */,
			);
			path = Home;
			sourceTree = "<group>";
		};
		F683270529DC08FC008505EF /* Views */ = {
			isa = PBXGroup;
			children = (
				F683270729DC0993008505EF /* HomeView.swift */,
			);
			path = Views;
			sourceTree = "<group>";
		};
		F683270629DC090C008505EF /* ViewModels */ = {
			isa = PBXGroup;
			children = (
			);
			path = ViewModels;
			sourceTree = "<group>";
		};
		F683270929DC1196008505EF /* Components */ = {
			isa = PBXGroup;
			children = (
				F683270A29DC11A8008505EF /* CircleButton */,
			);
			path = Components;
			sourceTree = "<group>";
		};
		F683270A29DC11A8008505EF /* CircleButton */ = {
			isa = PBXGroup;
			children = (
				F683270B29DC11C9008505EF /* CircleButtonView.swift */,
				F683270D29DC33C4008505EF /* CircleButtonAnimationView.swift */,
			);
			path = CircleButton;
			sourceTree = "<group>";
		};
		F6DB56EA29DB5C4B001BA20D = {
			isa = PBXGroup;
			children = (
				F6DB56F529DB5C4B001BA20D /* Crypto */,
				F6DB56F429DB5C4B001BA20D /* Products */,
			);
			sourceTree = "<group>";
		};
		F6DB56F429DB5C4B001BA20D /* Products */ = {
			isa = PBXGroup;
			children = (
				F6DB56F329DB5C4B001BA20D /* Crypto.app */,
			);
			name = Products;
			sourceTree = "<group>";
		};
		F6DB56F529DB5C4B001BA20D /* Crypto */ = {
			isa = PBXGroup;
			children = (
				F6DB570429DB6B17001BA20D /* Extensions */,
				F6E5C54B29DD530F00B9B76F /* Models */,
				F683270329DC0804008505EF /* Core */,
				F6DB56F629DB5C4B001BA20D /* CryptoApp.swift */,
				F6DB56F829DB5C4B001BA20D /* ContentView.swift */,
				F6DB56FA29DB5C54001BA20D /* Assets.xcassets */,
				F6DB56FC29DB5C54001BA20D /* Preview Content */,
			);
			path = Crypto;
			sourceTree = "<group>";
		};
		F6DB56FC29DB5C54001BA20D /* Preview Content */ = {
			isa = PBXGroup;
			children = (
				F6DB56FD29DB5C54001BA20D /* Preview Assets.xcassets */,
			);
			path = "Preview Content";
			sourceTree = "<group>";
		};
		F6DB570429DB6B17001BA20D /* Extensions */ = {
			isa = PBXGroup;
			children = (
				F6DB570529DB6BA8001BA20D /* Color.swift */,
			);
			path = Extensions;
			sourceTree = "<group>";
		};
		F6E5C54B29DD530F00B9B76F /* Models */ = {
			isa = PBXGroup;
			children = (
				F6E5C54C29DD547F00B9B76F /* CoinModel.swift */,
			);
			path = Models;
			sourceTree = "<group>";
		};
/* End PBXGroup section */

/* Begin PBXNativeTarget section */
		F6DB56F229DB5C4B001BA20D /* Crypto */ = {
			isa = PBXNativeTarget;
			buildConfigurationList = F6DB570129DB5C54001BA20D /* Build configuration list for PBXNativeTarget "Crypto" */;
			buildPhases = (
				F6DB56EF29DB5C4B001BA20D /* Sources */,
				F6DB56F029DB5C4B001BA20D /* Frameworks */,
				F6DB56F129DB5C4B001BA20D /* Resources */,
			);
			buildRules = (
			);
			dependencies = (
			);
			name = Crypto;
			productName = Crypto;
			productReference = F6DB56F329DB5C4B001BA20D /* Crypto.app */;
			productType = "com.apple.product-type.application";
		};
/* End PBXNativeTarget section */

/* Begin PBXProject section */
		F6DB56EB29DB5C4B001BA20D /* Project object */ = {
			isa = PBXProject;
			attributes = {
				BuildIndependentTargetsInParallel = 1;
				LastSwiftUpdateCheck = 1420;
				LastUpgradeCheck = 1420;
				TargetAttributes = {
					F6DB56F229DB5C4B001BA20D = {
						CreatedOnToolsVersion = 14.2;
					};
				};
			};
			buildConfigurationList = F6DB56EE29DB5C4B001BA20D /* Build configuration list for PBXProject "Crypto" */;
			compatibilityVersion = "Xcode 14.0";
			developmentRegion = en;
			hasScannedForEncodings = 0;
			knownRegions = (
				en,
				Base,
			);
			mainGroup = F6DB56EA29DB5C4B001BA20D;
			productRefGroup = F6DB56F429DB5C4B001BA20D /* Products */;
			projectDirPath = "";
			projectRoot = "";
			targets = (
				F6DB56F229DB5C4B001BA20D /* Crypto */,
			);
		};
/* End PBXProject section */

/* Begin PBXResourcesBuildPhase section */
		F6DB56F129DB5C4B001BA20D /* Resources */ = {
			isa = PBXResourcesBuildPhase;
			buildActionMask = 2147483647;
			files = (
				F6DB56FE29DB5C54001BA20D /* Preview Assets.xcassets in Resources */,
				F6DB56FB29DB5C54001BA20D /* Assets.xcassets in Resources */,
			);
			runOnlyForDeploymentPostprocessing = 0;
		};
/* End PBXResourcesBuildPhase section */

/* Begin PBXSourcesBuildPhase section */
		F6DB56EF29DB5C4B001BA20D /* Sources */ = {
			isa = PBXSourcesBuildPhase;
			buildActionMask = 2147483647;
			files = (
				F6DB56F929DB5C4B001BA20D /* ContentView.swift in Sources */,
				F683270829DC0994008505EF /* HomeView.swift in Sources */,
				F6DB56F729DB5C4B001BA20D /* CryptoApp.swift in Sources */,
				F683270C29DC11C9008505EF /* CircleButtonView.swift in Sources */,
				F6DB570629DB6BA8001BA20D /* Color.swift in Sources */,
				F683270E29DC33C4008505EF /* CircleButtonAnimationView.swift in Sources */,
				F6E5C54D29DD547F00B9B76F /* CoinModel.swift in Sources */,
			);
			runOnlyForDeploymentPostprocessing = 0;
		};
/* End PBXSourcesBuildPhase section */

/* Begin XCBuildConfiguration section */
		F6DB56FF29DB5C54001BA20D /* Debug */ = {
			isa = XCBuildConfiguration;
			buildSettings = {
				ALWAYS_SEARCH_USER_PATHS = NO;
				CLANG_ANALYZER_NONNULL = YES;
				CLANG_ANALYZER_NUMBER_OBJECT_CONVERSION = YES_AGGRESSIVE;
				CLANG_CXX_LANGUAGE_STANDARD = "gnu++20";
				CLANG_ENABLE_MODULES = YES;
				CLANG_ENABLE_OBJC_ARC = YES;
				CLANG_ENABLE_OBJC_WEAK = YES;
				CLANG_WARN_BLOCK_CAPTURE_AUTORELEASING = YES;
				CLANG_WARN_BOOL_CONVERSION = YES;
				CLANG_WARN_COMMA = YES;
				CLANG_WARN_CONSTANT_CONVERSION = YES;
				CLANG_WARN_DEPRECATED_OBJC_IMPLEMENTATIONS = YES;
				CLANG_WARN_DIRECT_OBJC_ISA_USAGE = YES_ERROR;
				CLANG_WARN_DOCUMENTATION_COMMENTS = YES;
				CLANG_WARN_EMPTY_BODY = YES;
				CLANG_WARN_ENUM_CONVERSION = YES;
				CLANG_WARN_INFINITE_RECURSION = YES;
				CLANG_WARN_INT_CONVERSION = YES;
				CLANG_WARN_NON_LITERAL_NULL_CONVERSION = YES;
				CLANG_WARN_OBJC_IMPLICIT_RETAIN_SELF = YES;
				CLANG_WARN_OBJC_LITERAL_CONVERSION = YES;
				CLANG_WARN_OBJC_ROOT_CLASS = YES_ERROR;
				CLANG_WARN_QUOTED_INCLUDE_IN_FRAMEWORK_HEADER = YES;
				CLANG_WARN_RANGE_LOOP_ANALYSIS = YES;
				CLANG_WARN_STRICT_PROTOTYPES = YES;
				CLANG_WARN_SUSPICIOUS_MOVE = YES;
				CLANG_WARN_UNGUARDED_AVAILABILITY = YES_AGGRESSIVE;
				CLANG_WARN_UNREACHABLE_CODE = YES;
				CLANG_WARN__DUPLICATE_METHOD_MATCH = YES;
				COPY_PHASE_STRIP = NO;
				DEBUG_INFORMATION_FORMAT = dwarf;
				ENABLE_STRICT_OBJC_MSGSEND = YES;
				ENABLE_TESTABILITY = YES;
				GCC_C_LANGUAGE_STANDARD = gnu11;
				GCC_DYNAMIC_NO_PIC = NO;
				GCC_NO_COMMON_BLOCKS = YES;
				GCC_OPTIMIZATION_LEVEL = 0;
				GCC_PREPROCESSOR_DEFINITIONS = (
					"DEBUG=1",
					"$(inherited)",
				);
				GCC_WARN_64_TO_32_BIT_CONVERSION = YES;
				GCC_WARN_ABOUT_RETURN_TYPE = YES_ERROR;
				GCC_WARN_UNDECLARED_SELECTOR = YES;
				GCC_WARN_UNINITIALIZED_AUTOS = YES_AGGRESSIVE;
				GCC_WARN_UNUSED_FUNCTION = YES;
				GCC_WARN_UNUSED_VARIABLE = YES;
				IPHONEOS_DEPLOYMENT_TARGET = 16.2;
				MTL_ENABLE_DEBUG_INFO = INCLUDE_SOURCE;
				MTL_FAST_MATH = YES;
				ONLY_ACTIVE_ARCH = YES;
				SDKROOT = iphoneos;
				SWIFT_ACTIVE_COMPILATION_CONDITIONS = DEBUG;
				SWIFT_OPTIMIZATION_LEVEL = "-Onone";
			};
			name = Debug;
		};
		F6DB570029DB5C54001BA20D /* Release */ = {
			isa = XCBuildConfiguration;
			buildSettings = {
				ALWAYS_SEARCH_USER_PATHS = NO;
				CLANG_ANALYZER_NONNULL = YES;
				CLANG_ANALYZER_NUMBER_OBJECT_CONVERSION = YES_AGGRESSIVE;
				CLANG_CXX_LANGUAGE_STANDARD = "gnu++20";
				CLANG_ENABLE_MODULES = YES;
				CLANG_ENABLE_OBJC_ARC = YES;
				CLANG_ENABLE_OBJC_WEAK = YES;
				CLANG_WARN_BLOCK_CAPTURE_AUTORELEASING = YES;
				CLANG_WARN_BOOL_CONVERSION = YES;
				CLANG_WARN_COMMA = YES;
				CLANG_WARN_CONSTANT_CONVERSION = YES;
				CLANG_WARN_DEPRECATED_OBJC_IMPLEMENTATIONS = YES;
				CLANG_WARN_DIRECT_OBJC_ISA_USAGE = YES_ERROR;
				CLANG_WARN_DOCUMENTATION_COMMENTS = YES;
				CLANG_WARN_EMPTY_BODY = YES;
				CLANG_WARN_ENUM_CONVERSION = YES;
				CLANG_WARN_INFINITE_RECURSION = YES;
				CLANG_WARN_INT_CONVERSION = YES;
				CLANG_WARN_NON_LITERAL_NULL_CONVERSION = YES;
				CLANG_WARN_OBJC_IMPLICIT_RETAIN_SELF = YES;
				CLANG_WARN_OBJC_LITERAL_CONVERSION = YES;
				CLANG_WARN_OBJC_ROOT_CLASS = YES_ERROR;
				CLANG_WARN_QUOTED_INCLUDE_IN_FRAMEWORK_HEADER = YES;
				CLANG_WARN_RANGE_LOOP_ANALYSIS = YES;
				CLANG_WARN_STRICT_PROTOTYPES = YES;
				CLANG_WARN_SUSPICIOUS_MOVE = YES;
				CLANG_WARN_UNGUARDED_AVAILABILITY = YES_AGGRESSIVE;
				CLANG_WARN_UNREACHABLE_CODE = YES;
				CLANG_WARN__DUPLICATE_METHOD_MATCH = YES;
				COPY_PHASE_STRIP = NO;
				DEBUG_INFORMATION_FORMAT = "dwarf-with-dsym";
				ENABLE_NS_ASSERTIONS = NO;
				ENABLE_STRICT_OBJC_MSGSEND = YES;
				GCC_C_LANGUAGE_STANDARD = gnu11;
				GCC_NO_COMMON_BLOCKS = YES;
				GCC_WARN_64_TO_32_BIT_CONVERSION = YES;
				GCC_WARN_ABOUT_RETURN_TYPE = YES_ERROR;
				GCC_WARN_UNDECLARED_SELECTOR = YES;
				GCC_WARN_UNINITIALIZED_AUTOS = YES_AGGRESSIVE;
				GCC_WARN_UNUSED_FUNCTION = YES;
				GCC_WARN_UNUSED_VARIABLE = YES;
				IPHONEOS_DEPLOYMENT_TARGET = 16.2;
				MTL_ENABLE_DEBUG_INFO = NO;
				MTL_FAST_MATH = YES;
				SDKROOT = iphoneos;
				SWIFT_COMPILATION_MODE = wholemodule;
				SWIFT_OPTIMIZATION_LEVEL = "-O";
				VALIDATE_PRODUCT = YES;
			};
			name = Release;
		};
		F6DB570229DB5C54001BA20D /* Debug */ = {
			isa = XCBuildConfiguration;
			buildSettings = {
				ASSETCATALOG_COMPILER_APPICON_NAME = AppIcon;
				ASSETCATALOG_COMPILER_GLOBAL_ACCENT_COLOR_NAME = AccentColor;
				CODE_SIGN_STYLE = Automatic;
				CURRENT_PROJECT_VERSION = 1;
				DEVELOPMENT_ASSET_PATHS = "\"Crypto/Preview Content\"";
				DEVELOPMENT_TEAM = 7TWP4BD49D;
				ENABLE_PREVIEWS = YES;
				GENERATE_INFOPLIST_FILE = YES;
				INFOPLIST_KEY_CFBundleDisplayName = Crypto;
				INFOPLIST_KEY_UIApplicationSceneManifest_Generation = YES;
				INFOPLIST_KEY_UIApplicationSupportsIndirectInputEvents = YES;
				INFOPLIST_KEY_UILaunchScreen_Generation = YES;
				INFOPLIST_KEY_UISupportedInterfaceOrientations = UIInterfaceOrientationPortrait;
				INFOPLIST_KEY_UISupportedInterfaceOrientations_iPad = "UIInterfaceOrientationPortrait UIInterfaceOrientationPortraitUpsideDown";
				LD_RUNPATH_SEARCH_PATHS = (
					"$(inherited)",
					"@executable_path/Frameworks",
				);
				MARKETING_VERSION = 1.0;
				PRODUCT_BUNDLE_IDENTIFIER = com.kubracennetyavasoglu.Crypto;
				PRODUCT_NAME = "$(TARGET_NAME)";
				SWIFT_EMIT_LOC_STRINGS = YES;
				SWIFT_VERSION = 5.0;
				TARGETED_DEVICE_FAMILY = "1,2";
			};
			name = Debug;
		};
		F6DB570329DB5C54001BA20D /* Release */ = {
			isa = XCBuildConfiguration;
			buildSettings = {
				ASSETCATALOG_COMPILER_APPICON_NAME = AppIcon;
				ASSETCATALOG_COMPILER_GLOBAL_ACCENT_COLOR_NAME = AccentColor;
				CODE_SIGN_STYLE = Automatic;
				CURRENT_PROJECT_VERSION = 1;
				DEVELOPMENT_ASSET_PATHS = "\"Crypto/Preview Content\"";
				DEVELOPMENT_TEAM = 7TWP4BD49D;
				ENABLE_PREVIEWS = YES;
				GENERATE_INFOPLIST_FILE = YES;
				INFOPLIST_KEY_CFBundleDisplayName = Crypto;
				INFOPLIST_KEY_UIApplicationSceneManifest_Generation = YES;
				INFOPLIST_KEY_UIApplicationSupportsIndirectInputEvents = YES;
				INFOPLIST_KEY_UILaunchScreen_Generation = YES;
				INFOPLIST_KEY_UISupportedInterfaceOrientations = UIInterfaceOrientationPortrait;
				INFOPLIST_KEY_UISupportedInterfaceOrientations_iPad = "UIInterfaceOrientationPortrait UIInterfaceOrientationPortraitUpsideDown";
				LD_RUNPATH_SEARCH_PATHS = (
					"$(inherited)",
					"@executable_path/Frameworks",
				);
				MARKETING_VERSION = 1.0;
				PRODUCT_BUNDLE_IDENTIFIER = com.kubracennetyavasoglu.Crypto;
				PRODUCT_NAME = "$(TARGET_NAME)";
				SWIFT_EMIT_LOC_STRINGS = YES;
				SWIFT_VERSION = 5.0;
				TARGETED_DEVICE_FAMILY = "1,2";
			};
			name = Release;
		};
/* End XCBuildConfiguration section */

/* Begin XCConfigurationList section */
		F6DB56EE29DB5C4B001BA20D /* Build configuration list for PBXProject "Crypto" */ = {
			isa = XCConfigurationList;
			buildConfigurations = (
				F6DB56FF29DB5C54001BA20D /* Debug */,
				F6DB570029DB5C54001BA20D /* Release */,
			);
			defaultConfigurationIsVisible = 0;
			defaultConfigurationName = Release;
		};
		F6DB570129DB5C54001BA20D /* Build configuration list for PBXNativeTarget "Crypto" */ = {
			isa = XCConfigurationList;
			buildConfigurations = (
				F6DB570229DB5C54001BA20D /* Debug */,
				F6DB570329DB5C54001BA20D /* Release */,
			);
			defaultConfigurationIsVisible = 0;
			defaultConfigurationName = Release;
		};
/* End XCConfigurationList section */
	};
	rootObject = F6DB56EB29DB5C4B001BA20D /* Project object */;
}
